PODS:
  - Flutter (1.0.0)
  - flutter_vap_plugin (0.0.1):
    - Flutter
    - QGVAPlayer
  - integration_test (0.0.1):
    - Flutter
  - QGVAPlayer (1.0.19)

DEPENDENCIES:
  - Flutter (from `Flutter`)
  - flutter_vap_plugin (from `.symlinks/plugins/flutter_vap_plugin/ios`)
  - integration_test (from `.symlinks/plugins/integration_test/ios`)

SPEC REPOS:
  trunk:
    - QGVAPlayer

EXTERNAL SOURCES:
  Flutter:
    :path: Flutter
  flutter_vap_plugin:
    :path: ".symlinks/plugins/flutter_vap_plugin/ios"
  integration_test:
    :path: ".symlinks/plugins/integration_test/ios"

SPEC CHECKSUMS:
  Flutter: e0871f40cf51350855a761d2e70bf5af5b9b5de7
  flutter_vap_plugin: 4a87aed8cb6519c9a7cf3ad40581b31da83a8756
  integration_test: 4a889634ef21a45d28d50d622cf412dc6d9f586e
  QGVAPlayer: a0bca68c9bd6f1c8de5ac2d10ddf98be6038cce9

PODFILE CHECKSUM: 20e260c9bb3f61194c661a4ba028da86e4f3ed96

COCOAPODS: 1.16.2
